
Microsoft Visual Studio Solution File, Format Version 12.00
# Visual Studio Version 17
VisualStudioVersion = 17.5.33414.496
MinimumVisualStudioVersion = 10.0.40219.1
Project("{FAE04EC0-301F-11D3-BF4B-00C04F79EFBC}") = "WebApp MVC", "WebApp MVC\WebApp MVC.csproj", "{F830C277-1E2B-4E26-96AA-52B9EC56D0C7}"
EndProject
Global
	GlobalSection(SolutionConfigurationPlatforms) = preSolution
		Debug|Any CPU = Debug|Any CPU
		Release|Any CPU = Release|Any CPU
	EndGlobalSection
	GlobalSection(ProjectConfigurationPlatforms) = postSolution
		{F830C277-1E2B-4E26-96AA-52B9EC56D0C7}.Debug|Any CPU.ActiveCfg = Debug|Any CPU
		{F830C277-1E2B-4E26-96AA-52B9EC56D0C7}.Debug|Any CPU.Build.0 = Debug|Any CPU
		{F830C277-1E2B-4E26-96AA-52B9EC56D0C7}.Release|Any CPU.ActiveCfg = Release|Any CPU
		{F830C277-1E2B-4E26-96AA-52B9EC56D0C7}.Release|Any CPU.Build.0 = Release|Any CPU
	EndGlobalSection
	GlobalSection(SolutionProperties) = preSolution
		HideSolutionNode = FALSE
	EndGlobalSection
	GlobalSection(ExtensibilityGlobals) = postSolution
		SolutionGuid = {4C57C1DF-4F69-4BA9-A8DA-B235765C650A}
	EndGlobalSection
EndGlobal
